// !$*UTF8*$!
{
	archiveVersion = 1;
	classes = {
	};
	objectVersion = 56;
	objects = {

/* Begin PBXBuildFile section */
		A10000000000000000000078 /* DutchCommuteWidget.appex in Embed Foundation Extensions */ = {isa = PBXBuildFile; fileRef = A10000000000000000000015 /* DutchCommuteWidget.appex */; settings = {ATTRIBUTES = (RemoveHeadersOnCopy, ); }; };
		A10000000000000000000079 /* DutchCommuteWidgetBundle.swift in Sources */ = {isa = PBXBuildFile; fileRef = A1000000000000000000004B /* DutchCommuteWidgetBundle.swift */; };
		A1000000000000000000007A /* JourneyWidget.swift in Sources */ = {isa = PBXBuildFile; fileRef = A1000000000000000000004C /* JourneyWidget.swift */; };
		A10000000000000000000080 /* DutchCommuteApp.swift in Sources */ = {isa = PBXBuildFile; fileRef = A10000000000000000000020 /* DutchCommuteApp.swift */; };
		A10000000000000000000081 /* AppState.swift in Sources */ = {isa = PBXBuildFile; fileRef = A10000000000000000000021 /* AppState.swift */; };
		A10000000000000000000082 /* Station.swift in Sources */ = {isa = PBXBuildFile; fileRef = A10000000000000000000023 /* Station.swift */; };
		A10000000000000000000083 /* JourneyConfig.swift in Sources */ = {isa = PBXBuildFile; fileRef = A10000000000000000000024 /* JourneyConfig.swift */; };
		A10000000000000000000084 /* TrainLeg.swift in Sources */ = {isa = PBXBuildFile; fileRef = A10000000000000000000025 /* TrainLeg.swift */; };
		A10000000000000000000085 /* NSDTOs.swift in Sources */ = {isa = PBXBuildFile; fileRef = A10000000000000000000026 /* NSDTOs.swift */; };
		A10000000000000000000086 /* NSAPIClient.swift in Sources */ = {isa = PBXBuildFile; fileRef = A10000000000000000000027 /* NSAPIClient.swift */; };
		A10000000000000000000087 /* NSDateParsing.swift in Sources */ = {isa = PBXBuildFile; fileRef = A10000000000000000000028 /* NSDateParsing.swift */; };
		A10000000000000000000088 /* TrainStatusMapping.swift in Sources */ = {isa = PBXBuildFile; fileRef = A10000000000000000000029 /* TrainStatusMapping.swift */; };
		A10000000000000000000089 /* JourneySchedule.swift in Sources */ = {isa = PBXBuildFile; fileRef = A1000000000000000000002A /* JourneySchedule.swift */; };
		A1000000000000000000008A /* ConfigStore.swift in Sources */ = {isa = PBXBuildFile; fileRef = A1000000000000000000002B /* ConfigStore.swift */; };
		A1000000000000000000008B /* RootView.swift in Sources */ = {isa = PBXBuildFile; fileRef = A1000000000000000000002C /* RootView.swift */; };
		A1000000000000000000008C /* SetupView.swift in Sources */ = {isa = PBXBuildFile; fileRef = A1000000000000000000002D /* SetupView.swift */; };
		A1000000000000000000008D /* StationField.swift in Sources */ = {isa = PBXBuildFile; fileRef = A1000000000000000000002E /* StationField.swift */; };
		A1000000000000000000008E /* JourneyView.swift in Sources */ = {isa = PBXBuildFile; fileRef = A1000000000000000000002F /* JourneyView.swift */; };
		A10000000000000000000090 /* StatusMappingTests.swift in Sources */ = {isa = PBXBuildFile; fileRef = A10000000000000000000040 /* StatusMappingTests.swift */; };
		A10000000000000000000091 /* JourneyScheduleTests.swift in Sources */ = {isa = PBXBuildFile; fileRef = A10000000000000000000041 /* JourneyScheduleTests.swift */; };
		A10000000000000000000092 /* DecodingTests.swift in Sources */ = {isa = PBXBuildFile; fileRef = A10000000000000000000042 /* DecodingTests.swift */; };
		A10000000000000000000093 /* trips-on-time.json in Resources */ = {isa = PBXBuildFile; fileRef = A10000000000000000000043 /* trips-on-time.json */; };
		A10000000000000000000094 /* trips-delayed.json in Resources */ = {isa = PBXBuildFile; fileRef = A10000000000000000000044 /* trips-delayed.json */; };
		A10000000000000000000095 /* trips-cancelled.json in Resources */ = {isa = PBXBuildFile; fileRef = A10000000000000000000045 /* trips-cancelled.json */; };
		A10000000000000000000096 /* stations.json in Resources */ = {isa = PBXBuildFile; fileRef = A10000000000000000000046 /* stations.json */; };
		A10000000000000000000097 /* trips-multiple.json in Resources */ = {isa = PBXBuildFile; fileRef = A1000000000000000000004E /* trips-multiple.json */; };
		A10000000000000000000099 /* ../.env in Resources */ = {isa = PBXBuildFile; fileRef = A10000000000000000000032 /* ../.env */; };
		A1000000000000000000009A /* APIKey.swift in Sources */ = {isa = PBXBuildFile; fileRef = A10000000000000000000033 /* APIKey.swift */; };
		A1000000000000000000009B /* APIKeyTests.swift in Sources */ = {isa = PBXBuildFile; fileRef = A10000000000000000000047 /* APIKeyTests.swift */; };
		A1000000000000000000009C /* JourneyListView.swift in Sources */ = {isa = PBXBuildFile; fileRef = A1000000000000000000004D /* JourneyListView.swift */; };
		A1000000000000000000009D /* TripsSearchCache.swift in Sources */ = {isa = PBXBuildFile; fileRef = A1000000000000000000005A /* TripsSearchCache.swift */; };
		A1000000000000000000009E /* TripsSearchCache.swift in Sources */ = {isa = PBXBuildFile; fileRef = A1000000000000000000005A /* TripsSearchCache.swift */; };
		A100000000000000000000B3 /* Station.swift in Sources */ = {isa = PBXBuildFile; fileRef = A10000000000000000000023 /* Station.swift */; };
		A100000000000000000000B4 /* JourneyConfig.swift in Sources */ = {isa = PBXBuildFile; fileRef = A10000000000000000000024 /* JourneyConfig.swift */; };
		A100000000000000000000B5 /* TrainLeg.swift in Sources */ = {isa = PBXBuildFile; fileRef = A10000000000000000000025 /* TrainLeg.swift */; };
		A100000000000000000000B6 /* NSDTOs.swift in Sources */ = {isa = PBXBuildFile; fileRef = A10000000000000000000026 /* NSDTOs.swift */; };
		A100000000000000000000B7 /* TrainStatusMapping.swift in Sources */ = {isa = PBXBuildFile; fileRef = A10000000000000000000029 /* TrainStatusMapping.swift */; };
		A100000000000000000000B8 /* JourneySchedule.swift in Sources */ = {isa = PBXBuildFile; fileRef = A1000000000000000000002A /* JourneySchedule.swift */; };
		A100000000000000000000B9 /* NSDateParsing.swift in Sources */ = {isa = PBXBuildFile; fileRef = A10000000000000000000028 /* NSDateParsing.swift */; };
		A100000000000000000000BA /* NSAPIClient.swift in Sources */ = {isa = PBXBuildFile; fileRef = A10000000000000000000027 /* NSAPIClient.swift */; };
		A100000000000000000000BB /* APIKey.swift in Sources */ = {isa = PBXBuildFile; fileRef = A10000000000000000000033 /* APIKey.swift */; };
		A100000000000000000000BC /* ConfigStore.swift in Sources */ = {isa = PBXBuildFile; fileRef = A1000000000000000000002B /* ConfigStore.swift */; };
		A100000000000000000000BF /* ../.env in Resources */ = {isa = PBXBuildFile; fileRef = A10000000000000000000032 /* ../.env */; };
		A100000000000000000000C3 /* Assets.xcassets in Resources */ = {isa = PBXBuildFile; fileRef = A100000000000000000000C4 /* Assets.xcassets */; };
		A100000000000000000000C6 /* Localizable.strings in Resources */ = {isa = PBXBuildFile; fileRef = A100000000000000000000C7 /* Localizable.strings */; };
		A100000000000000000000C8 /* Localizable.strings in Resources */ = {isa = PBXBuildFile; fileRef = A100000000000000000000C7 /* Localizable.strings */; };
/* End PBXBuildFile section */

/* Begin PBXContainerItemProxy section */
		A10000000000000000000098 /* PBXContainerItemProxy */ = {
			isa = PBXContainerItemProxy;
			containerPortal = A10000000000000000000001 /* Project object */;
			proxyType = 1;
			remoteGlobalIDString = A10000000000000000000010;
			remoteInfo = DutchCommute;
		};
/* End PBXContainerItemProxy section */

/* Begin PBXCopyFilesBuildPhase section */
		A10000000000000000000077 /* Embed Foundation Extensions */ = {
			isa = PBXCopyFilesBuildPhase;
			buildActionMask = 2147483647;
			dstPath = "";
			dstSubfolderSpec = 13;
			files = (
				A10000000000000000000078 /* DutchCommuteWidget.appex in Embed Foundation Extensions */,
			);
			name = "Embed Foundation Extensions";
			runOnlyForDeploymentPostprocessing = 0;
		};
/* End PBXCopyFilesBuildPhase section */

/* Begin PBXFileReference section */
		A10000000000000000000012 /* DutchCommute.app */ = {isa = PBXFileReference; explicitFileType = wrapper.application; includeInIndex = 0; path = DutchCommute.app; sourceTree = BUILT_PRODUCTS_DIR; };
		A10000000000000000000013 /* DutchCommuteTests.xctest */ = {isa = PBXFileReference; explicitFileType = wrapper.cfbundle; includeInIndex = 0; path = DutchCommuteTests.xctest; sourceTree = BUILT_PRODUCTS_DIR; };
		A10000000000000000000015 /* DutchCommuteWidget.appex */ = {isa = PBXFileReference; explicitFileType = "wrapper.app-extension"; includeInIndex = 0; path = DutchCommuteWidget.appex; sourceTree = BUILT_PRODUCTS_DIR; };
		A10000000000000000000020 /* DutchCommuteApp.swift */ = {isa = PBXFileReference; lastKnownFileType = sourcecode.swift; path = DutchCommuteApp.swift; sourceTree = "<group>"; };
		A10000000000000000000021 /* AppState.swift */ = {isa = PBXFileReference; lastKnownFileType = sourcecode.swift; path = AppState.swift; sourceTree = "<group>"; };
		A10000000000000000000022 /* Info.plist */ = {isa = PBXFileReference; lastKnownFileType = text.plist.xml; path = Info.plist; sourceTree = "<group>"; };
		A10000000000000000000023 /* Station.swift */ = {isa = PBXFileReference; lastKnownFileType = sourcecode.swift; path = Station.swift; sourceTree = "<group>"; };
		A10000000000000000000024 /* JourneyConfig.swift */ = {isa = PBXFileReference; lastKnownFileType = sourcecode.swift; path = JourneyConfig.swift; sourceTree = "<group>"; };
		A10000000000000000000025 /* TrainLeg.swift */ = {isa = PBXFileReference; lastKnownFileType = sourcecode.swift; path = TrainLeg.swift; sourceTree = "<group>"; };
		A10000000000000000000026 /* NSDTOs.swift */ = {isa = PBXFileReference; lastKnownFileType = sourcecode.swift; path = NSDTOs.swift; sourceTree = "<group>"; };
		A10000000000000000000027 /* NSAPIClient.swift */ = {isa = PBXFileReference; lastKnownFileType = sourcecode.swift; path = NSAPIClient.swift; sourceTree = "<group>"; };
		A10000000000000000000028 /* NSDateParsing.swift */ = {isa = PBXFileReference; lastKnownFileType = sourcecode.swift; path = NSDateParsing.swift; sourceTree = "<group>"; };
		A10000000000000000000029 /* TrainStatusMapping.swift */ = {isa = PBXFileReference; lastKnownFileType = sourcecode.swift; path = TrainStatusMapping.swift; sourceTree = "<group>"; };
		A1000000000000000000002A /* JourneySchedule.swift */ = {isa = PBXFileReference; lastKnownFileType = sourcecode.swift; path = JourneySchedule.swift; sourceTree = "<group>"; };
		A1000000000000000000002B /* ConfigStore.swift */ = {isa = PBXFileReference; lastKnownFileType = sourcecode.swift; path = ConfigStore.swift; sourceTree = "<group>"; };
		A1000000000000000000002C /* RootView.swift */ = {isa = PBXFileReference; lastKnownFileType = sourcecode.swift; path = RootView.swift; sourceTree = "<group>"; };
		A1000000000000000000002D /* SetupView.swift */ = {isa = PBXFileReference; lastKnownFileType = sourcecode.swift; path = SetupView.swift; sourceTree = "<group>"; };
		A1000000000000000000002E /* StationField.swift */ = {isa = PBXFileReference; lastKnownFileType = sourcecode.swift; path = StationField.swift; sourceTree = "<group>"; };
		A1000000000000000000002F /* JourneyView.swift */ = {isa = PBXFileReference; lastKnownFileType = sourcecode.swift; path = JourneyView.swift; sourceTree = "<group>"; };
		A10000000000000000000032 /* ../.env */ = {isa = PBXFileReference; lastKnownFileType = text; path = ../.env; sourceTree = "<group>"; };
		A10000000000000000000033 /* APIKey.swift */ = {isa = PBXFileReference; lastKnownFileType = sourcecode.swift; path = APIKey.swift; sourceTree = "<group>"; };
		A10000000000000000000040 /* StatusMappingTests.swift */ = {isa = PBXFileReference; lastKnownFileType = sourcecode.swift; path = StatusMappingTests.swift; sourceTree = "<group>"; };
		A10000000000000000000041 /* JourneyScheduleTests.swift */ = {isa = PBXFileReference; lastKnownFileType = sourcecode.swift; path = JourneyScheduleTests.swift; sourceTree = "<group>"; };
		A10000000000000000000042 /* DecodingTests.swift */ = {isa = PBXFileReference; lastKnownFileType = sourcecode.swift; path = DecodingTests.swift; sourceTree = "<group>"; };
		A10000000000000000000043 /* trips-on-time.json */ = {isa = PBXFileReference; lastKnownFileType = text.json; path = "trips-on-time.json"; sourceTree = "<group>"; };
		A10000000000000000000044 /* trips-delayed.json */ = {isa = PBXFileReference; lastKnownFileType = text.json; path = "trips-delayed.json"; sourceTree = "<group>"; };
		A10000000000000000000045 /* trips-cancelled.json */ = {isa = PBXFileReference; lastKnownFileType = text.json; path = "trips-cancelled.json"; sourceTree = "<group>"; };
		A10000000000000000000046 /* stations.json */ = {isa = PBXFileReference; lastKnownFileType = text.json; path = stations.json; sourceTree = "<group>"; };
		A10000000000000000000047 /* APIKeyTests.swift */ = {isa = PBXFileReference; lastKnownFileType = sourcecode.swift; path = APIKeyTests.swift; sourceTree = "<group>"; };
		A10000000000000000000048 /* Info.plist */ = {isa = PBXFileReference; lastKnownFileType = text.plist.xml; path = Info.plist; sourceTree = "<group>"; };
		A10000000000000000000049 /* DutchCommute.entitlements */ = {isa = PBXFileReference; lastKnownFileType = text.plist.entitlements; path = DutchCommute.entitlements; sourceTree = "<group>"; };
		A1000000000000000000004A /* DutchCommuteWidget.entitlements */ = {isa = PBXFileReference; lastKnownFileType = text.plist.entitlements; path = DutchCommuteWidget.entitlements; sourceTree = "<group>"; };
		A1000000000000000000004B /* DutchCommuteWidgetBundle.swift */ = {isa = PBXFileReference; lastKnownFileType = sourcecode.swift; path = DutchCommuteWidgetBundle.swift; sourceTree = "<group>"; };
		A1000000000000000000004C /* JourneyWidget.swift */ = {isa = PBXFileReference; lastKnownFileType = sourcecode.swift; path = JourneyWidget.swift; sourceTree = "<group>"; };
		A1000000000000000000004D /* JourneyListView.swift */ = {isa = PBXFileReference; lastKnownFileType = sourcecode.swift; path = JourneyListView.swift; sourceTree = "<group>"; };
		A1000000000000000000004E /* trips-multiple.json */ = {isa = PBXFileReference; lastKnownFileType = text.json; path = "trips-multiple.json"; sourceTree = "<group>"; };
		A1000000000000000000005A /* TripsSearchCache.swift */ = {isa = PBXFileReference; lastKnownFileType = sourcecode.swift; path = TripsSearchCache.swift; sourceTree = "<group>"; };
		A100000000000000000000C4 /* Assets.xcassets */ = {isa = PBXFileReference; lastKnownFileType = folder.assetcatalog; path = Assets.xcassets; sourceTree = "<group>"; };
		A100000000000000000000C9 /* en */ = {isa = PBXFileReference; lastKnownFileType = text.plist.strings; name = en; path = en.lproj/Localizable.strings; sourceTree = "<group>"; };
		A100000000000000000000CA /* nl */ = {isa = PBXFileReference; lastKnownFileType = text.plist.strings; name = nl; path = nl.lproj/Localizable.strings; sourceTree = "<group>"; };
/* End PBXFileReference section */

/* Begin PBXFrameworksBuildPhase section */
		A10000000000000000000062 /* Frameworks */ = {
			isa = PBXFrameworksBuildPhase;
			buildActionMask = 2147483647;
			files = (
			);
			runOnlyForDeploymentPostprocessing = 0;
		};
		A10000000000000000000071 /* Frameworks */ = {
			isa = PBXFrameworksBuildPhase;
			buildActionMask = 2147483647;
			files = (
			);
			runOnlyForDeploymentPostprocessing = 0;
		};
		A10000000000000000000075 /* Frameworks */ = {
			isa = PBXFrameworksBuildPhase;
			buildActionMask = 2147483647;
			files = (
			);
			runOnlyForDeploymentPostprocessing = 0;
		};
/* End PBXFrameworksBuildPhase section */

/* Begin PBXGroup section */
		A10000000000000000000002 = {
			isa = PBXGroup;
			children = (
				A10000000000000000000050 /* DutchCommute */,
				A10000000000000000000058 /* DutchCommuteTests */,
				A1000000000000000000005B /* DutchCommuteWidget */,
				A10000000000000000000003 /* Products */,
				AFBA8AD1302E98A800CB810A /* Recovered References */,
			);
			sourceTree = "<group>";
		};
		A10000000000000000000003 /* Products */ = {
			isa = PBXGroup;
			children = (
				A10000000000000000000012 /* DutchCommute.app */,
				A10000000000000000000013 /* DutchCommuteTests.xctest */,
			);
			name = Products;
			sourceTree = "<group>";
		};
		A10000000000000000000050 /* DutchCommute */ = {
			isa = PBXGroup;
			children = (
				A10000000000000000000056 /* App */,
				A10000000000000000000051 /* Models */,
				A10000000000000000000052 /* Networking */,
				A10000000000000000000053 /* Domain */,
				A10000000000000000000054 /* Store */,
				A10000000000000000000055 /* Views */,
				A10000000000000000000022 /* Info.plist */,
				A10000000000000000000032 /* ../.env */,
				A10000000000000000000049 /* DutchCommute.entitlements */,
				A100000000000000000000C4 /* Assets.xcassets */,
				A100000000000000000000C7 /* Localizable.strings */,
			);
			path = DutchCommute;
			sourceTree = "<group>";
		};
		A10000000000000000000051 /* Models */ = {
			isa = PBXGroup;
			children = (
				A10000000000000000000023 /* Station.swift */,
				A10000000000000000000024 /* JourneyConfig.swift */,
				A10000000000000000000025 /* TrainLeg.swift */,
				A10000000000000000000026 /* NSDTOs.swift */,
			);
			path = Models;
			sourceTree = "<group>";
		};
		A10000000000000000000052 /* Networking */ = {
			isa = PBXGroup;
			children = (
				A10000000000000000000027 /* NSAPIClient.swift */,
				A10000000000000000000028 /* NSDateParsing.swift */,
				A10000000000000000000033 /* APIKey.swift */,
				A1000000000000000000005A /* TripsSearchCache.swift */,
			);
			path = Networking;
			sourceTree = "<group>";
		};
		A10000000000000000000053 /* Domain */ = {
			isa = PBXGroup;
			children = (
				A10000000000000000000029 /* TrainStatusMapping.swift */,
				A1000000000000000000002A /* JourneySchedule.swift */,
			);
			path = Domain;
			sourceTree = "<group>";
		};
		A10000000000000000000054 /* Store */ = {
			isa = PBXGroup;
			children = (
				A1000000000000000000002B /* ConfigStore.swift */,
			);
			path = Store;
			sourceTree = "<group>";
		};
		A10000000000000000000055 /* Views */ = {
			isa = PBXGroup;
			children = (
				A1000000000000000000002C /* RootView.swift */,
				A1000000000000000000002D /* SetupView.swift */,
				A1000000000000000000002E /* StationField.swift */,
				A1000000000000000000002F /* JourneyView.swift */,
				A1000000000000000000004D /* JourneyListView.swift */,
			);
			path = Views;
			sourceTree = "<group>";
		};
		A10000000000000000000056 /* App */ = {
			isa = PBXGroup;
			children = (
				A10000000000000000000020 /* DutchCommuteApp.swift */,
				A10000000000000000000021 /* AppState.swift */,
			);
			path = App;
			sourceTree = "<group>";
		};
		A10000000000000000000058 /* DutchCommuteTests */ = {
			isa = PBXGroup;
			children = (
				A10000000000000000000040 /* StatusMappingTests.swift */,
				A10000000000000000000041 /* JourneyScheduleTests.swift */,
				A10000000000000000000042 /* DecodingTests.swift */,
				A10000000000000000000047 /* APIKeyTests.swift */,
				A10000000000000000000059 /* Fixtures */,
			);
			path = DutchCommuteTests;
			sourceTree = "<group>";
		};
		A10000000000000000000059 /* Fixtures */ = {
			isa = PBXGroup;
			children = (
				A10000000000000000000043 /* trips-on-time.json */,
				A10000000000000000000044 /* trips-delayed.json */,
				A10000000000000000000045 /* trips-cancelled.json */,
				A10000000000000000000046 /* stations.json */,
				A1000000000000000000004E /* trips-multiple.json */,
			);
			path = Fixtures;
			sourceTree = "<group>";
		};
		A1000000000000000000005B /* DutchCommuteWidget */ = {
			isa = PBXGroup;
			children = (
				A1000000000000000000004B /* DutchCommuteWidgetBundle.swift */,
				A1000000000000000000004C /* JourneyWidget.swift */,
				A10000000000000000000048 /* Info.plist */,
				A1000000000000000000004A /* DutchCommuteWidget.entitlements */,
			);
			path = DutchCommuteWidget;
			sourceTree = "<group>";
		};
		AFBA8AD1302E98A800CB810A /* Recovered References */ = {
			isa = PBXGroup;
			children = (
				A10000000000000000000015 /* DutchCommuteWidget.appex */,
			);
			name = "Recovered References";
			sourceTree = "<group>";
		};
/* End PBXGroup section */

/* Begin PBXNativeTarget section */
		A10000000000000000000010 /* DutchCommute */ = {
			isa = PBXNativeTarget;
			buildConfigurationList = A100000000000000000000B1 /* Build configuration list for PBXNativeTarget "DutchCommute" */;
			buildPhases = (
				A10000000000000000000061 /* Sources */,
				A10000000000000000000062 /* Frameworks */,
				A10000000000000000000063 /* Resources */,
				A10000000000000000000077 /* Embed Foundation Extensions */,
			);
			buildRules = (
			);
			dependencies = (
			);
			name = DutchCommute;
			productName = DutchCommute;
			productReference = A10000000000000000000012 /* DutchCommute.app */;
			productType = "com.apple.product-type.application";
		};
		A10000000000000000000011 /* DutchCommuteTests */ = {
			isa = PBXNativeTarget;
			buildConfigurationList = A100000000000000000000B2 /* Build configuration list for PBXNativeTarget "DutchCommuteTests" */;
			buildPhases = (
				A10000000000000000000070 /* Sources */,
				A10000000000000000000071 /* Frameworks */,
				A10000000000000000000072 /* Resources */,
			);
			buildRules = (
			);
			dependencies = (
				A10000000000000000000073 /* PBXTargetDependency */,
			);
			name = DutchCommuteTests;
			productName = DutchCommuteTests;
			productReference = A10000000000000000000013 /* DutchCommuteTests.xctest */;
			productType = "com.apple.product-type.bundle.unit-test";
		};
		A10000000000000000000014 /* DutchCommuteWidget */ = {
			isa = PBXNativeTarget;
			buildConfigurationList = A100000000000000000000C2 /* Build configuration list for PBXNativeTarget "DutchCommuteWidget" */;
			buildPhases = (
				A10000000000000000000074 /* Sources */,
				A10000000000000000000075 /* Frameworks */,
				A10000000000000000000076 /* Resources */,
			);
			buildRules = (
			);
			dependencies = (
			);
			name = DutchCommuteWidget;
			productName = DutchCommuteWidget;
			productReference = A10000000000000000000015 /* DutchCommuteWidget.appex */;
			productType = "com.apple.product-type.app-extension";
		};
/* End PBXNativeTarget section */

/* Begin PBXProject section */
		A10000000000000000000001 /* Project object */ = {
			isa = PBXProject;
			attributes = {
				BuildIndependentTargetsInParallel = 1;
				LastUpgradeCheck = 1500;
				TargetAttributes = {
					A10000000000000000000010 = {
						CreatedOnToolsVersion = 15.0;
					};
					A10000000000000000000011 = {
						CreatedOnToolsVersion = 15.0;
						TestTargetID = A10000000000000000000010;
					};
					A10000000000000000000014 = {
						CreatedOnToolsVersion = 15.0;
					};
				};
			};
			buildConfigurationList = A100000000000000000000B0 /* Build configuration list for PBXProject "DutchCommute" */;
			compatibilityVersion = "Xcode 14.0";
			developmentRegion = en;
			hasScannedForEncodings = 0;
			knownRegions = (
				en,
				Base,
				nl,
			);
			mainGroup = A10000000000000000000002;
			productRefGroup = A10000000000000000000003 /* Products */;
			projectDirPath = "";
			projectRoot = "";
			targets = (
				A10000000000000000000010 /* DutchCommute */,
				A10000000000000000000011 /* DutchCommuteTests */,
				A10000000000000000000014 /* DutchCommuteWidget */,
			);
		};
/* End PBXProject section */

/* Begin PBXResourcesBuildPhase section */
		A10000000000000000000063 /* Resources */ = {
			isa = PBXResourcesBuildPhase;
			buildActionMask = 2147483647;
			files = (
				A10000000000000000000099 /* ../.env in Resources */,
				A100000000000000000000C3 /* Assets.xcassets in Resources */,
				A100000000000000000000C6 /* Localizable.strings in Resources */,
			);
			runOnlyForDeploymentPostprocessing = 0;
		};
		A10000000000000000000072 /* Resources */ = {
			isa = PBXResourcesBuildPhase;
			buildActionMask = 2147483647;
			files = (
				A10000000000000000000093 /* trips-on-time.json in Resources */,
				A10000000000000000000094 /* trips-delayed.json in Resources */,
				A10000000000000000000095 /* trips-cancelled.json in Resources */,
				A10000000000000000000096 /* stations.json in Resources */,
				A10000000000000000000097 /* trips-multiple.json in Resources */,
			);
			runOnlyForDeploymentPostprocessing = 0;
		};
		A10000000000000000000076 /* Resources */ = {
			isa = PBXResourcesBuildPhase;
			buildActionMask = 2147483647;
			files = (
				A100000000000000000000BF /* ../.env in Resources */,
				A100000000000000000000C8 /* Localizable.strings in Resources */,
			);
			runOnlyForDeploymentPostprocessing = 0;
		};
/* End PBXResourcesBuildPhase section */

/* Begin PBXSourcesBuildPhase section */
		A10000000000000000000061 /* Sources */ = {
			isa = PBXSourcesBuildPhase;
			buildActionMask = 2147483647;
			files = (
				A10000000000000000000080 /* DutchCommuteApp.swift in Sources */,
				A10000000000000000000081 /* AppState.swift in Sources */,
				A10000000000000000000082 /* Station.swift in Sources */,
				A10000000000000000000083 /* JourneyConfig.swift in Sources */,
				A10000000000000000000084 /* TrainLeg.swift in Sources */,
				A10000000000000000000085 /* NSDTOs.swift in Sources */,
				A10000000000000000000086 /* NSAPIClient.swift in Sources */,
				A10000000000000000000087 /* NSDateParsing.swift in Sources */,
				A1000000000000000000009A /* APIKey.swift in Sources */,
				A10000000000000000000088 /* TrainStatusMapping.swift in Sources */,
				A10000000000000000000089 /* JourneySchedule.swift in Sources */,
				A1000000000000000000008A /* ConfigStore.swift in Sources */,
				A1000000000000000000008B /* RootView.swift in Sources */,
				A1000000000000000000008C /* SetupView.swift in Sources */,
				A1000000000000000000008D /* StationField.swift in Sources */,
				A1000000000000000000008E /* JourneyView.swift in Sources */,
				A1000000000000000000009C /* JourneyListView.swift in Sources */,
				A1000000000000000000009D /* TripsSearchCache.swift in Sources */,
			);
			runOnlyForDeploymentPostprocessing = 0;
		};
		A10000000000000000000070 /* Sources */ = {
			isa = PBXSourcesBuildPhase;
			buildActionMask = 2147483647;
			files = (
				A10000000000000000000090 /* StatusMappingTests.swift in Sources */,
				A10000000000000000000091 /* JourneyScheduleTests.swift in Sources */,
				A10000000000000000000092 /* DecodingTests.swift in Sources */,
				A1000000000000000000009B /* APIKeyTests.swift in Sources */,
			);
			runOnlyForDeploymentPostprocessing = 0;
		};
		A10000000000000000000074 /* Sources */ = {
			isa = PBXSourcesBuildPhase;
			buildActionMask = 2147483647;
			files = (
				A10000000000000000000079 /* DutchCommuteWidgetBundle.swift in Sources */,
				A1000000000000000000007A /* JourneyWidget.swift in Sources */,
				A100000000000000000000B3 /* Station.swift in Sources */,
				A100000000000000000000B4 /* JourneyConfig.swift in Sources */,
				A100000000000000000000B5 /* TrainLeg.swift in Sources */,
				A100000000000000000000B6 /* NSDTOs.swift in Sources */,
				A100000000000000000000B7 /* TrainStatusMapping.swift in Sources */,
				A100000000000000000000B8 /* JourneySchedule.swift in Sources */,
				A100000000000000000000B9 /* NSDateParsing.swift in Sources */,
				A100000000000000000000BA /* NSAPIClient.swift in Sources */,
				A100000000000000000000BB /* APIKey.swift in Sources */,
				A100000000000000000000BC /* ConfigStore.swift in Sources */,
				A1000000000000000000009E /* TripsSearchCache.swift in Sources */,
			);
			runOnlyForDeploymentPostprocessing = 0;
		};
/* End PBXSourcesBuildPhase section */

/* Begin PBXTargetDependency section */
		A10000000000000000000073 /* PBXTargetDependency */ = {
			isa = PBXTargetDependency;
			target = A10000000000000000000010 /* DutchCommute */;
			targetProxy = A10000000000000000000098 /* PBXContainerItemProxy */;
		};
/* End PBXTargetDependency section */

/* Begin PBXVariantGroup section */
		A100000000000000000000C7 /* Localizable.strings */ = {
			isa = PBXVariantGroup;
			children = (
				A100000000000000000000C9 /* en */,
				A100000000000000000000CA /* nl */,
			);
			name = Localizable.strings;
			sourceTree = "<group>";
		};
/* End PBXVariantGroup section */

/* Begin XCBuildConfiguration section */
		A100000000000000000000A0 /* Debug */ = {
			isa = XCBuildConfiguration;
			buildSettings = {
				ALWAYS_SEARCH_USER_PATHS = NO;
				CLANG_ANALYZER_NONNULL = YES;
				CLANG_ENABLE_MODULES = YES;
				CLANG_ENABLE_OBJC_ARC = YES;
				COPY_PHASE_STRIP = NO;
				DEBUG_INFORMATION_FORMAT = dwarf;
				ENABLE_STRICT_OBJC_MSGSEND = YES;
				ENABLE_TESTABILITY = YES;
				ENABLE_USER_SCRIPT_SANDBOXING = NO;
				GCC_C_LANGUAGE_STANDARD = gnu17;
				GCC_DYNAMIC_NO_PIC = NO;
				GCC_NO_COMMON_BLOCKS = YES;
				GCC_OPTIMIZATION_LEVEL = 0;
				GCC_PREPROCESSOR_DEFINITIONS = (
					"DEBUG=1",
					"$(inherited)",
				);
				IPHONEOS_DEPLOYMENT_TARGET = 17.0;
				MTL_ENABLE_DEBUG_INFO = INCLUDE_SOURCE;
				ONLY_ACTIVE_ARCH = YES;
				SDKROOT = iphoneos;
				SWIFT_ACTIVE_COMPILATION_CONDITIONS = DEBUG;
				SWIFT_OPTIMIZATION_LEVEL = "-Onone";
			};
			name = Debug;
		};
		A100000000000000000000A1 /* Release */ = {
			isa = XCBuildConfiguration;
			buildSettings = {
				ALWAYS_SEARCH_USER_PATHS = NO;
				CLANG_ANALYZER_NONNULL = YES;
				CLANG_ENABLE_MODULES = YES;
				CLANG_ENABLE_OBJC_ARC = YES;
				COPY_PHASE_STRIP = NO;
				DEBUG_INFORMATION_FORMAT = "dwarf-with-dsym";
				ENABLE_NS_ASSERTIONS = NO;
				ENABLE_STRICT_OBJC_MSGSEND = YES;
				ENABLE_USER_SCRIPT_SANDBOXING = NO;
				GCC_C_LANGUAGE_STANDARD = gnu17;
				GCC_NO_COMMON_BLOCKS = YES;
				IPHONEOS_DEPLOYMENT_TARGET = 17.0;
				MTL_ENABLE_DEBUG_INFO = NO;
				SDKROOT = iphoneos;
				SWIFT_COMPILATION_MODE = wholemodule;
				SWIFT_OPTIMIZATION_LEVEL = "-O";
				VALIDATE_PRODUCT = YES;
			};
			name = Release;
		};
		A100000000000000000000A2 /* Debug */ = {
			isa = XCBuildConfiguration;
			buildSettings = {
				ASSETCATALOG_COMPILER_APPICON_NAME = AppIcon;
				CODE_SIGN_ENTITLEMENTS = DutchCommute/DutchCommute.entitlements;
				CODE_SIGN_STYLE = Automatic;
				CURRENT_PROJECT_VERSION = 1;
				DEVELOPMENT_TEAM = 4985P7739M;
				GENERATE_INFOPLIST_FILE = NO;
				INFOPLIST_FILE = DutchCommute/Info.plist;
				INFOPLIST_KEY_CFBundleDisplayName = "Dutch Commute";
				INFOPLIST_KEY_LSApplicationCategoryType = "public.app-category.navigation";
				LD_RUNPATH_SEARCH_PATHS = (
					"$(inherited)",
					"@executable_path/Frameworks",
				);
				MARKETING_VERSION = 0.1.0;
				PRODUCT_BUNDLE_IDENTIFIER = com.dutchcommute.app;
				PRODUCT_NAME = "$(TARGET_NAME)";
				SWIFT_EMIT_LOC_STRINGS = YES;
				SWIFT_VERSION = 5.0;
				TARGETED_DEVICE_FAMILY = "1,2";
			};
			name = Debug;
		};
		A100000000000000000000A3 /* Release */ = {
			isa = XCBuildConfiguration;
			buildSettings = {
				ASSETCATALOG_COMPILER_APPICON_NAME = AppIcon;
				CODE_SIGN_ENTITLEMENTS = DutchCommute/DutchCommute.entitlements;
				CODE_SIGN_STYLE = Automatic;
				CURRENT_PROJECT_VERSION = 1;
				DEVELOPMENT_TEAM = 4985P7739M;
				GENERATE_INFOPLIST_FILE = NO;
				INFOPLIST_FILE = DutchCommute/Info.plist;
				INFOPLIST_KEY_CFBundleDisplayName = "Dutch Commute";
				INFOPLIST_KEY_LSApplicationCategoryType = "public.app-category.navigation";
				LD_RUNPATH_SEARCH_PATHS = (
					"$(inherited)",
					"@executable_path/Frameworks",
				);
				MARKETING_VERSION = 0.1.0;
				PRODUCT_BUNDLE_IDENTIFIER = com.dutchcommute.app;
				PRODUCT_NAME = "$(TARGET_NAME)";
				SWIFT_EMIT_LOC_STRINGS = YES;
				SWIFT_VERSION = 5.0;
				TARGETED_DEVICE_FAMILY = "1,2";
			};
			name = Release;
		};
		A100000000000000000000A4 /* Debug */ = {
			isa = XCBuildConfiguration;
			buildSettings = {
				BUNDLE_LOADER = "$(TEST_HOST)";
				CODE_SIGN_STYLE = Automatic;
				CURRENT_PROJECT_VERSION = 1;
				GENERATE_INFOPLIST_FILE = YES;
				LD_RUNPATH_SEARCH_PATHS = (
					"$(inherited)",
					"@executable_path/Frameworks",
					"@loader_path/Frameworks",
				);
				MARKETING_VERSION = 0.1.0;
				PRODUCT_BUNDLE_IDENTIFIER = com.example.dutchcommute.tests;
				PRODUCT_NAME = "$(TARGET_NAME)";
				SWIFT_EMIT_LOC_STRINGS = NO;
				SWIFT_VERSION = 5.0;
				TEST_HOST = "$(BUILT_PRODUCTS_DIR)/DutchCommute.app/DutchCommute";
			};
			name = Debug;
		};
		A100000000000000000000A5 /* Release */ = {
			isa = XCBuildConfiguration;
			buildSettings = {
				BUNDLE_LOADER = "$(TEST_HOST)";
				CODE_SIGN_STYLE = Automatic;
				CURRENT_PROJECT_VERSION = 1;
				GENERATE_INFOPLIST_FILE = YES;
				LD_RUNPATH_SEARCH_PATHS = (
					"$(inherited)",
					"@executable_path/Frameworks",
					"@loader_path/Frameworks",
				);
				MARKETING_VERSION = 0.1.0;
				PRODUCT_BUNDLE_IDENTIFIER = com.example.dutchcommute.tests;
				PRODUCT_NAME = "$(TARGET_NAME)";
				SWIFT_EMIT_LOC_STRINGS = NO;
				SWIFT_VERSION = 5.0;
				TEST_HOST = "$(BUILT_PRODUCTS_DIR)/DutchCommute.app/DutchCommute";
			};
			name = Release;
		};
		A100000000000000000000C0 /* Debug */ = {
			isa = XCBuildConfiguration;
			buildSettings = {
				APPLICATION_EXTENSION_API_ONLY = YES;
				CODE_SIGN_ENTITLEMENTS = DutchCommuteWidget/DutchCommuteWidget.entitlements;
				CODE_SIGN_STYLE = Automatic;
				CURRENT_PROJECT_VERSION = 1;
				DEVELOPMENT_TEAM = 4985P7739M;
				GENERATE_INFOPLIST_FILE = NO;
				INFOPLIST_FILE = DutchCommuteWidget/Info.plist;
				INFOPLIST_KEY_CFBundleDisplayName = "Dutch Commute";
				LD_RUNPATH_SEARCH_PATHS = (
					"$(inherited)",
					"@executable_path/Frameworks",
					"@executable_path/../../Frameworks",
				);
				MARKETING_VERSION = 0.1.0;
				PRODUCT_BUNDLE_IDENTIFIER = com.dutchcommute.app.widget;
				PRODUCT_NAME = "$(TARGET_NAME)";
				SKIP_INSTALL = YES;
				SWIFT_EMIT_LOC_STRINGS = YES;
				SWIFT_VERSION = 5.0;
				TARGETED_DEVICE_FAMILY = "1,2";
			};
			name = Debug;
		};
		A100000000000000000000C1 /* Release */ = {
			isa = XCBuildConfiguration;
			buildSettings = {
				APPLICATION_EXTENSION_API_ONLY = YES;
				CODE_SIGN_ENTITLEMENTS = DutchCommuteWidget/DutchCommuteWidget.entitlements;
				CODE_SIGN_STYLE = Automatic;
				CURRENT_PROJECT_VERSION = 1;
				DEVELOPMENT_TEAM = 4985P7739M;
				GENERATE_INFOPLIST_FILE = NO;
				INFOPLIST_FILE = DutchCommuteWidget/Info.plist;
				INFOPLIST_KEY_CFBundleDisplayName = "Dutch Commute";
				LD_RUNPATH_SEARCH_PATHS = (
					"$(inherited)",
					"@executable_path/Frameworks",
					"@executable_path/../../Frameworks",
				);
				MARKETING_VERSION = 0.1.0;
				PRODUCT_BUNDLE_IDENTIFIER = com.dutchcommute.app.widget;
				PRODUCT_NAME = "$(TARGET_NAME)";
				SKIP_INSTALL = YES;
				SWIFT_EMIT_LOC_STRINGS = YES;
				SWIFT_VERSION = 5.0;
				TARGETED_DEVICE_FAMILY = "1,2";
			};
			name = Release;
		};
/* End XCBuildConfiguration section */

/* Begin XCConfigurationList section */
		A100000000000000000000B0 /* Build configuration list for PBXProject "DutchCommute" */ = {
			isa = XCConfigurationList;
			buildConfigurations = (
				A100000000000000000000A0 /* Debug */,
				A100000000000000000000A1 /* Release */,
			);
			defaultConfigurationIsVisible = 0;
			defaultConfigurationName = Release;
		};
		A100000000000000000000B1 /* Build configuration list for PBXNativeTarget "DutchCommute" */ = {
			isa = XCConfigurationList;
			buildConfigurations = (
				A100000000000000000000A2 /* Debug */,
				A100000000000000000000A3 /* Release */,
			);
			defaultConfigurationIsVisible = 0;
			defaultConfigurationName = Release;
		};
		A100000000000000000000B2 /* Build configuration list for PBXNativeTarget "DutchCommuteTests" */ = {
			isa = XCConfigurationList;
			buildConfigurations = (
				A100000000000000000000A4 /* Debug */,
				A100000000000000000000A5 /* Release */,
			);
			defaultConfigurationIsVisible = 0;
			defaultConfigurationName = Release;
		};
		A100000000000000000000C2 /* Build configuration list for PBXNativeTarget "DutchCommuteWidget" */ = {
			isa = XCConfigurationList;
			buildConfigurations = (
				A100000000000000000000C0 /* Debug */,
				A100000000000000000000C1 /* Release */,
			);
			defaultConfigurationIsVisible = 0;
			defaultConfigurationName = Release;
		};
/* End XCConfigurationList section */
	};
	rootObject = A10000000000000000000001 /* Project object */;
}
